<?xml version="1.0" encoding="utf-8"?>
<Project ToolsVersion="4.0" xmlns="http://schemas.microsoft.com/developer/msbuild/2003">
  <ItemGroup>
    <Filter Include="Source Files">
      <UniqueIdentifier>{4FC737F1-C7A5-4376-A066-2A32D752A2FF}</UniqueIdentifier>
      <Extensions>cpp;c;cc;cxx;def;odl;idl;hpj;bat;asm;asmx</Extensions>
    </Filter>
    <Filter Include="Header Files">
      <UniqueIdentifier>{93995380-89BD-4b04-88EB-625FBE52EBFB}</UniqueIdentifier>
      <Extensions>h;hh;hpp;hxx;hm;inl;inc;xsd</Extensions>
    </Filter>
    <Filter Include="Resource Files">
      <UniqueIdentifier>{67DA6AB6-F800-4c08-8B7A-83BB121AAD01}</UniqueIdentifier>
      <Extensions>rc;ico;cur;bmp;dlg;rc2;rct;bin;rgs;gif;jpg;jpeg;jpe;resx;tiff;tif;png;wav;mfcribbon-ms</Extensions>
    </Filter>
  </ItemGroup>
  <ItemGroup>
    <ClCompile Include="..\..\c++Library2.1\adc_8591.cpp">
      <Filter>Source Files</Filter>
    </ClCompile>
    <ClCompile Include="..\..\c++Library2.1\bluetooth.cpp">
      <Filter>Source Files</Filter>
    </ClCompile>
    <ClCompile Include="..\..\c++Library2.1\brick.cpp">
      <Filter>Source Files</Filter>
    </ClCompile>
    <ClCompile Include="..\..\c++Library2.1\color.cpp">
      <Filter>Source Files</Filter>
    </ClCompile>
    <ClCompile Include="..\..\c++Library2.1\compass.cpp">
      <Filter>Source Files</Filter>
    </ClCompile>
    <ClCompile Include="..\..\c++Library2.1\error.cpp">
      <Filter>Source Files</Filter>
    </ClCompile>
    <ClCompile Include="..\..\c++Library2.1\filesystem.cpp">
      <Filter>Source Files</Filter>
    </ClCompile>
    <ClCompile Include="..\..\c++Library2.1\i2c.cpp">
      <Filter>Source Files</Filter>
    </ClCompile>
    <ClCompile Include="..\..\c++Library2.1\io_8574.cpp">
      <Filter>Source Files</Filter>
    </ClCompile>
    <ClCompile Include="..\..\c++Library2.1\motor.cpp">
      <Filter>Source Files</Filter>
    </ClCompile>
    <ClCompile Include="..\..\c++Library2.1\network.cpp">
      <Filter>Source Files</Filter>
    </ClCompile>
    <ClCompile Include="..\..\c++Library2.1\sensor.cpp">
      <Filter>Source Files</Filter>
    </ClCompile>
    <ClCompile Include="..\..\c++Library2.1\sonar.cpp">
      <Filter>Source Files</Filter>
    </ClCompile>
    <ClCompile Include="..\..\c++Library2.1\tilt.cpp">
      <Filter>Source Files</Filter>
    </ClCompile>
    <ClCompile Include="program.cpp">
      <Filter>Source Files</Filter>
    </ClCompile>
  </ItemGroup>
  <ItemGroup>
    <ClInclude Include="..\..\c++Library2.1\adc_8591.h">
      <Filter>Header Files</Filter>
    </ClInclude>
    <ClInclude Include="..\..\c++Library2.1\bluetooth.h">
      <Filter>Header Files</Filter>
    </ClInclude>
    <ClInclude Include="..\..\c++Library2.1\brick.h">
      <Filter>Header Files</Filter>
    </ClInclude>
    <ClInclude Include="..\..\c++Library2.1\color.h">
      <Filter>Header Files</Filter>
    </ClInclude>
    <ClInclude Include="..\..\c++Library2.1\compass.h">
      <Filter>Header Files</Filter>
    </ClInclude>
    <ClInclude Include="..\..\c++Library2.1\connection.h">
      <Filter>Header Files</Filter>
    </ClInclude>
    <ClInclude Include="..\..\c++Library2.1\error.h">
      <Filter>Header Files</Filter>
    </ClInclude>
    <ClInclude Include="..\..\c++Library2.1\filesystem.h">
      <Filter>Header Files</Filter>
    </ClInclude>
    <ClInclude Include="..\..\c++Library2.1\gyro.h">
      <Filter>Header Files</Filter>
    </ClInclude>
    <ClInclude Include="..\..\c++Library2.1\i2c.h">
      <Filter>Header Files</Filter>
    </ClInclude>
    <ClInclude Include="..\..\c++Library2.1\io_8574.h">
      <Filter>Header Files</Filter>
    </ClInclude>
    <ClInclude Include="..\..\c++Library2.1\light.h">
      <Filter>Header Files</Filter>
    </ClInclude>
    <ClInclude Include="..\..\c++Library2.1\motor.h">
      <Filter>Header Files</Filter>
    </ClInclude>
    <ClInclude Include="..\..\c++Library2.1\network.h">
      <Filter>Header Files</Filter>
    </ClInclude>
    <ClInclude Include="..\..\c++Library2.1\nxt.h">
      <Filter>Header Files</Filter>
    </ClInclude>
    <ClInclude Include="..\..\c++Library2.1\rcx_light.h">
      <Filter>Header Files</Filter>
    </ClInclude>
    <ClInclude Include="..\..\c++Library2.1\rotation.h">
      <Filter>Header Files</Filter>
    </ClInclude>
    <ClInclude Include="..\..\c++Library2.1\sensor.h">
      <Filter>Header Files</Filter>
    </ClInclude>
    <ClInclude Include="..\..\c++Library2.1\sonar.h">
      <Filter>Header Files</Filter>
    </ClInclude>
    <ClInclude Include="..\..\c++Library2.1\sound.h">
      <Filter>Header Files</Filter>
    </ClInclude>
    <ClInclude Include="..\..\c++Library2.1\temperature.h">
      <Filter>Header Files</Filter>
    </ClInclude>
    <ClInclude Include="..\..\c++Library2.1\tilt.h">
      <Filter>Header Files</Filter>
    </ClInclude>
    <ClInclude Include="..\..\c++Library2.1\touch.h">
      <Filter>Header Files</Filter>
    </ClInclude>
  </ItemGroup>
</Project>